{
  "name": "discordbot",
  "version": "1.0.0",
  "lockfileVersion": 1,
  "requires": true,
  "dependencies": {
    "dbl-api": {
      "version": "1.2.1",
      "resolved": "https://registry.npmjs.org/dbl-api/-/dbl-api-1.2.1.tgz",
      "integrity": "sha512-kBScgc/8CyQGKIJH8tLqvTjYe3wn5dqYoFcyAddDaXpxbSdf4hPS5YC4kNQ9KxVMhoecKx2by/nrTACsqzhoaw==",
      "requires": {
        "snekfetch": "^3.6.4"
      }
    },
    "snekfetch": {
      "version": "3.6.4",
      "resolved": "https://registry.npmjs.org/snekfetch/-/snekfetch-3.6.4.tgz",
      "integrity": "sha512-NjxjITIj04Ffqid5lqr7XdgwM7X61c/Dns073Ly170bPQHLm6jkmelye/eglS++1nfTWktpP6Y2bFXjdPlQqdw=="
    }
  }
}
